{
  "originHash" : "e7ffeff822b84520d9e24872d1ac3096ecc4520f5aa90c1f0285b67ec41cf96f",
  "pins" : [
    {
      "identity" : "aws-sdk-ios-spm",
      "kind" : "remoteSourceControl",
      "location" : "https://github.com/aws-amplify/aws-sdk-ios-spm",
      "state" : {
        "revision" : "ca31418963a90bac80538e13f6b7af87ea14d279",
        "version" : "2.33.4"
      }
    },
    {
      "identity" : "truvideo-sdk-ios-media",
      "kind" : "remoteSourceControl",
      "location" : "https://github.com/Truvideo/truvideo-sdk-ios-media.git",
      "state" : {
        "revision" : "ba798a9b7d195a0060280984845d39b6d0f81a72",
        "version" : "76.2.1"
      }
    }
  ],
  "version" : 3
}
