{
  "originHash" : "dcf1ff1fdb24ee76fe2639fb420c8b2f4c9e85112f6d1f209b5ca5cfea9f7938",
  "pins" : [
    {
      "identity" : "aws-sdk-ios-spm",
      "kind" : "remoteSourceControl",
      "location" : "https://github.com/aws-amplify/aws-sdk-ios-spm",
      "state" : {
        "revision" : "ca31418963a90bac80538e13f6b7af87ea14d279",
        "version" : "2.33.4"
      }
    },
    {
      "identity" : "truvideo-sdk-ios-core",
      "kind" : "remoteSourceControl",
      "location" : "https://github.com/Truvideo/truvideo-sdk-ios-core",
      "state" : {
        "revision" : "f24718aa26c7f979eaf0c39c4decc78c927261e0",
        "version" : "78.1.1"
      }
    }
  ],
  "version" : 3
}
